# This file is generated by running "yarn install" inside your project.
# Manual changes might be lost - proceed with caution!

__metadata:
  version: 8
  cacheKey: 10

"@babel/code-frame@npm:^7.0.0":
  version: 7.22.10
  resolution: "@babel/code-frame@npm:7.22.10"
  dependencies:
    "@babel/highlight": "npm:^7.22.10"
    chalk: "npm:^2.4.2"
  checksum: 10/53620d831c8f2230a7d2fbe833c01c071740a642317c960d45cda9b0b2d0492e152e00ab45aad8b55329ba5de647354b95f42b546fb905c0b7acf78d3f2d3ecd
  languageName: node
  linkType: hard

"@babel/helper-validator-identifier@npm:^7.22.5":
  version: 7.22.5
  resolution: "@babel/helper-validator-identifier@npm:7.22.5"
  checksum: 10/12cb7d4535b3f8d109a446f7bef08d20eebe94fd97b534cd415c936ab342e9634edc5c99961af976bd78bcae6e6ec4b2ab8483d0da2ac5926fbe9f7dd9ab28ab
  languageName: node
  linkType: hard

"@babel/highlight@npm:^7.22.10":
  version: 7.22.10
  resolution: "@babel/highlight@npm:7.22.10"
  dependencies:
    "@babel/helper-validator-identifier": "npm:^7.22.5"
    chalk: "npm:^2.4.2"
    js-tokens: "npm:^4.0.0"
  checksum: 10/faea6aa09ea7bc02d4d51aabdd1303b00aa2587933a08310d7502f29140bc8bcb32a74387d81dc08e97edd04f891e266623b90043ea4502e052dcbfd7e423a3c
  languageName: node
  linkType: hard

"@dprint/darwin-arm64@npm:0.48.0":
  version: 0.48.0
  resolution: "@dprint/darwin-arm64@npm:0.48.0"
  conditions: os=darwin & cpu=arm64
  languageName: node
  linkType: hard

"@dprint/darwin-x64@npm:0.48.0":
  version: 0.48.0
  resolution: "@dprint/darwin-x64@npm:0.48.0"
  conditions: os=darwin & cpu=x64
  languageName: node
  linkType: hard

"@dprint/formatter@npm:^0.4.1":
  version: 0.4.1
  resolution: "@dprint/formatter@npm:0.4.1"
  checksum: 10/27498fc8e6ec01ee9401e2073331cb758f57cdb93545bdd9c3e5f0ce6ac9ee571b800c9df493fab922bd92e3c4fd660a91a2cf465fe0c05a3dca769930dd4b77
  languageName: node
  linkType: hard

"@dprint/json@npm:^0.19.4":
  version: 0.19.4
  resolution: "@dprint/json@npm:0.19.4"
  checksum: 10/048ea00fa8bfe0871a0cfb8970ee996372b87fce8622ec35b2c2f2ab2631844d2e7eadd40185851e6a9956a6ccab486768db522c05651979ed1d0a198aebc05f
  languageName: node
  linkType: hard

"@dprint/linux-arm64-glibc@npm:0.48.0":
  version: 0.48.0
  resolution: "@dprint/linux-arm64-glibc@npm:0.48.0"
  conditions: os=linux & cpu=arm64 & libc=glibc
  languageName: node
  linkType: hard

"@dprint/linux-arm64-musl@npm:0.48.0":
  version: 0.48.0
  resolution: "@dprint/linux-arm64-musl@npm:0.48.0"
  conditions: os=linux & cpu=arm64 & libc=musl
  languageName: node
  linkType: hard

"@dprint/linux-riscv64-glibc@npm:0.48.0":
  version: 0.48.0
  resolution: "@dprint/linux-riscv64-glibc@npm:0.48.0"
  conditions: os=linux & cpu=riscv64 & libc=glibc
  languageName: node
  linkType: hard

"@dprint/linux-x64-glibc@npm:0.48.0":
  version: 0.48.0
  resolution: "@dprint/linux-x64-glibc@npm:0.48.0"
  conditions: os=linux & cpu=x64 & libc=glibc
  languageName: node
  linkType: hard

"@dprint/linux-x64-musl@npm:0.48.0":
  version: 0.48.0
  resolution: "@dprint/linux-x64-musl@npm:0.48.0"
  conditions: os=linux & cpu=x64 & libc=musl
  languageName: node
  linkType: hard

"@dprint/markdown@npm:^0.17.8":
  version: 0.17.8
  resolution: "@dprint/markdown@npm:0.17.8"
  checksum: 10/df2b1962c5d0063c0809d7a7eee435f4fd95295da38706b56d67f145ee7d030a3dae761512f488025344fd88af2b596e910d1f6ba8ca7f79670f69bf7c6e592b
  languageName: node
  linkType: hard

"@dprint/typescript@npm:^0.93.3":
  version: 0.93.3
  resolution: "@dprint/typescript@npm:0.93.3"
  checksum: 10/99e26723cedbb5826ebf8acdc82084a73cff1a0244f620955fab0306eee49e2850af0f61d21104e710693ff14aba48902e242e2efd86ad89828b75f480ae8ca1
  languageName: node
  linkType: hard

"@dprint/win32-arm64@npm:0.48.0":
  version: 0.48.0
  resolution: "@dprint/win32-arm64@npm:0.48.0"
  conditions: os=win32 & cpu=arm64
  languageName: node
  linkType: hard

"@dprint/win32-x64@npm:0.48.0":
  version: 0.48.0
  resolution: "@dprint/win32-x64@npm:0.48.0"
  conditions: os=win32 & cpu=x64
  languageName: node
  linkType: hard

"@nodelib/fs.scandir@npm:2.1.5":
  version: 2.1.5
  resolution: "@nodelib/fs.scandir@npm:2.1.5"
  dependencies:
    "@nodelib/fs.stat": "npm:2.0.5"
    run-parallel: "npm:^1.1.9"
  checksum: 10/6ab2a9b8a1d67b067922c36f259e3b3dfd6b97b219c540877a4944549a4d49ea5ceba5663905ab5289682f1f3c15ff441d02f0447f620a42e1cb5e1937174d4b
  languageName: node
  linkType: hard

"@nodelib/fs.stat@npm:2.0.5, @nodelib/fs.stat@npm:^2.0.2":
  version: 2.0.5
  resolution: "@nodelib/fs.stat@npm:2.0.5"
  checksum: 10/012480b5ca9d97bff9261571dbbec7bbc6033f69cc92908bc1ecfad0792361a5a1994bc48674b9ef76419d056a03efadfce5a6cf6dbc0a36559571a7a483f6f0
  languageName: node
  linkType: hard

"@nodelib/fs.walk@npm:^1.2.3":
  version: 1.2.8
  resolution: "@nodelib/fs.walk@npm:1.2.8"
  dependencies:
    "@nodelib/fs.scandir": "npm:2.1.5"
    fastq: "npm:^1.6.0"
  checksum: 10/40033e33e96e97d77fba5a238e4bba4487b8284678906a9f616b5579ddaf868a18874c0054a75402c9fbaaa033a25ceae093af58c9c30278e35c23c9479e79b0
  languageName: node
  linkType: hard

"@tsconfig/node16@npm:^16.1.3":
  version: 16.1.3
  resolution: "@tsconfig/node16@npm:16.1.3"
  checksum: 10/097f33cb7fe9577cc3c4b7a8d26c7e8b6c45c868d3bda1e2cd120111693b98f88a5138e643e7a6f79d53d94717c3624dc33398804647bf6e0e8782604bbfad53
  languageName: node
  linkType: hard

"@types/minimist@npm:^1.2.2":
  version: 1.2.2
  resolution: "@types/minimist@npm:1.2.2"
  checksum: 10/b8da83c66eb4aac0440e64674b19564d9d86c80ae273144db9681e5eeff66f238ade9515f5006ffbfa955ceff8b89ad2bd8ec577d7caee74ba101431fb07045d
  languageName: node
  linkType: hard

"@types/node@npm:^16.18.101":
  version: 16.18.101
  resolution: "@types/node@npm:16.18.101"
  checksum: 10/97592d3b2e29711a2c98ca3e9f6e52c8792d57e4ad45a18d68cdd6f9386615738d476b5366169ccae38099b60f6d63d15a2a6dced8e804f70dc32cc5b8f36c0c
  languageName: node
  linkType: hard

"@types/normalize-package-data@npm:^2.4.0":
  version: 2.4.1
  resolution: "@types/normalize-package-data@npm:2.4.1"
  checksum: 10/e87bccbf11f95035c89a132b52b79ce69a1e3652fe55962363063c9c0dae0fe2477ebc585e03a9652adc6f381d24ba5589cc5e51849df4ced3d3e004a7d40ed5
  languageName: node
  linkType: hard

"@zwave-js/fmt@workspace:.":
  version: 0.0.0-use.local
  resolution: "@zwave-js/fmt@workspace:."
  dependencies:
    "@dprint/formatter": "npm:^0.4.1"
    "@dprint/json": "npm:^0.19.4"
    "@dprint/markdown": "npm:^0.17.8"
    "@dprint/typescript": "npm:^0.93.3"
    "@tsconfig/node16": "npm:^16.1.3"
    "@types/node": "npm:^16.18.101"
    del-cli: "npm:^5.1.0"
    dprint: "npm:^0.48.0"
    json5: "npm:^2.2.3"
    typescript: "npm:^5.7.3"
  peerDependencies:
    "@dprint/formatter": ^0.4.1
    "@dprint/json": ^0.19.3
    "@dprint/markdown": ^0.17.8
    "@dprint/typescript": ^0.93.0
  languageName: unknown
  linkType: soft

"aggregate-error@npm:^4.0.0":
  version: 4.0.1
  resolution: "aggregate-error@npm:4.0.1"
  dependencies:
    clean-stack: "npm:^4.0.0"
    indent-string: "npm:^5.0.0"
  checksum: 10/bb3ffdfd13447800fff237c2cba752c59868ee669104bb995dfbbe0b8320e967d679e683dabb640feb32e4882d60258165cde0baafc4cd467cc7d275a13ad6b5
  languageName: node
  linkType: hard

"ansi-styles@npm:^3.2.1":
  version: 3.2.1
  resolution: "ansi-styles@npm:3.2.1"
  dependencies:
    color-convert: "npm:^1.9.0"
  checksum: 10/d85ade01c10e5dd77b6c89f34ed7531da5830d2cb5882c645f330079975b716438cd7ebb81d0d6e6b4f9c577f19ae41ab55f07f19786b02f9dfd9e0377395665
  languageName: node
  linkType: hard

"arrify@npm:^1.0.1":
  version: 1.0.1
  resolution: "arrify@npm:1.0.1"
  checksum: 10/745075dd4a4624ff0225c331dacb99be501a515d39bcb7c84d24660314a6ec28e68131b137e6f7e16318170842ce97538cd298fc4cd6b2cc798e0b957f2747e7
  languageName: node
  linkType: hard

"balanced-match@npm:^1.0.0":
  version: 1.0.2
  resolution: "balanced-match@npm:1.0.2"
  checksum: 10/9706c088a283058a8a99e0bf91b0a2f75497f185980d9ffa8b304de1d9e58ebda7c72c07ebf01dadedaac5b2907b2c6f566f660d62bd336c3468e960403b9d65
  languageName: node
  linkType: hard

"brace-expansion@npm:^1.1.7":
  version: 1.1.11
  resolution: "brace-expansion@npm:1.1.11"
  dependencies:
    balanced-match: "npm:^1.0.0"
    concat-map: "npm:0.0.1"
  checksum: 10/faf34a7bb0c3fcf4b59c7808bc5d2a96a40988addf2e7e09dfbb67a2251800e0d14cd2bfc1aa79174f2f5095c54ff27f46fb1289fe2d77dac755b5eb3434cc07
  languageName: node
  linkType: hard

"braces@npm:^3.0.3":
  version: 3.0.3
  resolution: "braces@npm:3.0.3"
  dependencies:
    fill-range: "npm:^7.1.1"
  checksum: 10/fad11a0d4697a27162840b02b1fad249c1683cbc510cd5bf1a471f2f8085c046d41094308c577a50a03a579dd99d5a6b3724c4b5e8b14df2c4443844cfcda2c6
  languageName: node
  linkType: hard

"camelcase-keys@npm:^7.0.0":
  version: 7.0.2
  resolution: "camelcase-keys@npm:7.0.2"
  dependencies:
    camelcase: "npm:^6.3.0"
    map-obj: "npm:^4.1.0"
    quick-lru: "npm:^5.1.1"
    type-fest: "npm:^1.2.1"
  checksum: 10/6f92d969b7fa97456ffc35fe93f0a42d0d0a00fbd94bfc6cac07c84da86e6acfb89fdf04151460d47c583d2dd38a3e9406f980efe9a3d2e143cdfe46a7343083
  languageName: node
  linkType: hard

"camelcase@npm:^6.3.0":
  version: 6.3.0
  resolution: "camelcase@npm:6.3.0"
  checksum: 10/8c96818a9076434998511251dcb2761a94817ea17dbdc37f47ac080bd088fc62c7369429a19e2178b993497132c8cbcf5cc1f44ba963e76782ba469c0474938d
  languageName: node
  linkType: hard

"chalk@npm:^2.4.2":
  version: 2.4.2
  resolution: "chalk@npm:2.4.2"
  dependencies:
    ansi-styles: "npm:^3.2.1"
    escape-string-regexp: "npm:^1.0.5"
    supports-color: "npm:^5.3.0"
  checksum: 10/3d1d103433166f6bfe82ac75724951b33769675252d8417317363ef9d54699b7c3b2d46671b772b893a8e50c3ece70c4b933c73c01e81bc60ea4df9b55afa303
  languageName: node
  linkType: hard

"clean-stack@npm:^4.0.0":
  version: 4.2.0
  resolution: "clean-stack@npm:4.2.0"
  dependencies:
    escape-string-regexp: "npm:5.0.0"
  checksum: 10/373f656a31face5c615c0839213b9b542a0a48057abfb1df66900eab4dc2a5c6097628e4a0b5aa559cdfc4e66f8a14ea47be9681773165a44470ef5fb8ccc172
  languageName: node
  linkType: hard

"color-convert@npm:^1.9.0":
  version: 1.9.3
  resolution: "color-convert@npm:1.9.3"
  dependencies:
    color-name: "npm:1.1.3"
  checksum: 10/ffa319025045f2973919d155f25e7c00d08836b6b33ea2d205418c59bd63a665d713c52d9737a9e0fe467fb194b40fbef1d849bae80d674568ee220a31ef3d10
  languageName: node
  linkType: hard

"color-name@npm:1.1.3":
  version: 1.1.3
  resolution: "color-name@npm:1.1.3"
  checksum: 10/09c5d3e33d2105850153b14466501f2bfb30324a2f76568a408763a3b7433b0e50e5b4ab1947868e65cb101bb7cb75029553f2c333b6d4b8138a73fcc133d69d
  languageName: node
  linkType: hard

"concat-map@npm:0.0.1":
  version: 0.0.1
  resolution: "concat-map@npm:0.0.1"
  checksum: 10/9680699c8e2b3af0ae22592cb764acaf973f292a7b71b8a06720233011853a58e256c89216a10cbe889727532fd77f8bcd49a760cedfde271b8e006c20e079f2
  languageName: node
  linkType: hard

"decamelize-keys@npm:^1.1.0":
  version: 1.1.1
  resolution: "decamelize-keys@npm:1.1.1"
  dependencies:
    decamelize: "npm:^1.1.0"
    map-obj: "npm:^1.0.0"
  checksum: 10/71d5898174f17a8d2303cecc98ba0236e842948c4d042a8180d5e749be8442220bca2d16dd93bebd7b49e86c807814273212e4da0fae67be7c58c282ff76057a
  languageName: node
  linkType: hard

"decamelize@npm:^1.1.0":
  version: 1.2.0
  resolution: "decamelize@npm:1.2.0"
  checksum: 10/ad8c51a7e7e0720c70ec2eeb1163b66da03e7616d7b98c9ef43cce2416395e84c1e9548dd94f5f6ffecfee9f8b94251fc57121a8b021f2ff2469b2bae247b8aa
  languageName: node
  linkType: hard

"decamelize@npm:^5.0.0":
  version: 5.0.1
  resolution: "decamelize@npm:5.0.1"
  checksum: 10/643e88804c538a334fae303ae1da8b30193b81dad8689643b35e6ab8ab60a3b03492cab6096d8163bd41fd384d969485f0634c000f80af502aa7f4047258d5b4
  languageName: node
  linkType: hard

"del-cli@npm:^5.1.0":
  version: 5.1.0
  resolution: "del-cli@npm:5.1.0"
  dependencies:
    del: "npm:^7.1.0"
    meow: "npm:^10.1.3"
  bin:
    del: cli.js
    del-cli: cli.js
  checksum: 10/b52b7ce997a5f1591fb420c0931ef24e71cee80788a7750704903f6e82fc846375466bb991655e2ad7234d237a9e8a90545e2ab1d728fba5ad9e67573500b084
  languageName: node
  linkType: hard

"del@npm:^7.1.0":
  version: 7.1.0
  resolution: "del@npm:7.1.0"
  dependencies:
    globby: "npm:^13.1.2"
    graceful-fs: "npm:^4.2.10"
    is-glob: "npm:^4.0.3"
    is-path-cwd: "npm:^3.0.0"
    is-path-inside: "npm:^4.0.0"
    p-map: "npm:^5.5.0"
    rimraf: "npm:^3.0.2"
    slash: "npm:^4.0.0"
  checksum: 10/93527e78e95125809ff20a112814b00648ed64af204be1a565862698060c9ec8f5c5fe1a4866725acfde9b0da6423f4b7a7642c1d38cd4b05cbeb643a7b089e3
  languageName: node
  linkType: hard

"dir-glob@npm:^3.0.1":
  version: 3.0.1
  resolution: "dir-glob@npm:3.0.1"
  dependencies:
    path-type: "npm:^4.0.0"
  checksum: 10/fa05e18324510d7283f55862f3161c6759a3f2f8dbce491a2fc14c8324c498286c54282c1f0e933cb930da8419b30679389499b919122952a4f8592362ef4615
  languageName: node
  linkType: hard

"dprint@npm:^0.48.0":
  version: 0.48.0
  resolution: "dprint@npm:0.48.0"
  dependencies:
    "@dprint/darwin-arm64": "npm:0.48.0"
    "@dprint/darwin-x64": "npm:0.48.0"
    "@dprint/linux-arm64-glibc": "npm:0.48.0"
    "@dprint/linux-arm64-musl": "npm:0.48.0"
    "@dprint/linux-riscv64-glibc": "npm:0.48.0"
    "@dprint/linux-x64-glibc": "npm:0.48.0"
    "@dprint/linux-x64-musl": "npm:0.48.0"
    "@dprint/win32-arm64": "npm:0.48.0"
    "@dprint/win32-x64": "npm:0.48.0"
  dependenciesMeta:
    "@dprint/darwin-arm64":
      optional: true
    "@dprint/darwin-x64":
      optional: true
    "@dprint/linux-arm64-glibc":
      optional: true
    "@dprint/linux-arm64-musl":
      optional: true
    "@dprint/linux-riscv64-glibc":
      optional: true
    "@dprint/linux-x64-glibc":
      optional: true
    "@dprint/linux-x64-musl":
      optional: true
    "@dprint/win32-arm64":
      optional: true
    "@dprint/win32-x64":
      optional: true
  bin:
    dprint: bin.js
  checksum: 10/ae8efe7a531d26f350660d3ecf28438ae3124695be8d7646f97c637545de90478cb61b5c5699746ab00060893c4631fd1c1623237b4d73b5fd98681ccbeb4203
  languageName: node
  linkType: hard

"error-ex@npm:^1.3.1":
  version: 1.3.2
  resolution: "error-ex@npm:1.3.2"
  dependencies:
    is-arrayish: "npm:^0.2.1"
  checksum: 10/d547740aa29c34e753fb6fed2c5de81802438529c12b3673bd37b6bb1fe49b9b7abdc3c11e6062fe625d8a296b3cf769a80f878865e25e685f787763eede3ffb
  languageName: node
  linkType: hard

"escape-string-regexp@npm:5.0.0":
  version: 5.0.0
  resolution: "escape-string-regexp@npm:5.0.0"
  checksum: 10/20daabe197f3cb198ec28546deebcf24b3dbb1a5a269184381b3116d12f0532e06007f4bc8da25669d6a7f8efb68db0758df4cd981f57bc5b57f521a3e12c59e
  languageName: node
  linkType: hard

"escape-string-regexp@npm:^1.0.5":
  version: 1.0.5
  resolution: "escape-string-regexp@npm:1.0.5"
  checksum: 10/6092fda75c63b110c706b6a9bfde8a612ad595b628f0bd2147eea1d3406723020810e591effc7db1da91d80a71a737a313567c5abb3813e8d9c71f4aa595b410
  languageName: node
  linkType: hard

"fast-glob@npm:^3.3.0":
  version: 3.3.1
  resolution: "fast-glob@npm:3.3.1"
  dependencies:
    "@nodelib/fs.stat": "npm:^2.0.2"
    "@nodelib/fs.walk": "npm:^1.2.3"
    glob-parent: "npm:^5.1.2"
    merge2: "npm:^1.3.0"
    micromatch: "npm:^4.0.4"
  checksum: 10/51bcd15472879dfe51d4b01c5b70bbc7652724d39cdd082ba11276dbd7d84db0f6b33757e1938af8b2768a4bf485d9be0c89153beae24ee8331d6dcc7550379f
  languageName: node
  linkType: hard

"fastq@npm:^1.6.0":
  version: 1.15.0
  resolution: "fastq@npm:1.15.0"
  dependencies:
    reusify: "npm:^1.0.4"
  checksum: 10/67c01b1c972e2d5b6fea197a1a39d5d582982aea69ff4c504badac71080d8396d4843b165a9686e907c233048f15a86bbccb0e7f83ba771f6fa24bcde059d0c3
  languageName: node
  linkType: hard

"fill-range@npm:^7.1.1":
  version: 7.1.1
  resolution: "fill-range@npm:7.1.1"
  dependencies:
    to-regex-range: "npm:^5.0.1"
  checksum: 10/a7095cb39e5bc32fada2aa7c7249d3f6b01bd1ce461a61b0adabacccabd9198500c6fb1f68a7c851a657e273fce2233ba869638897f3d7ed2e87a2d89b4436ea
  languageName: node
  linkType: hard

"find-up@npm:^5.0.0":
  version: 5.0.0
  resolution: "find-up@npm:5.0.0"
  dependencies:
    locate-path: "npm:^6.0.0"
    path-exists: "npm:^4.0.0"
  checksum: 10/07955e357348f34660bde7920783204ff5a26ac2cafcaa28bace494027158a97b9f56faaf2d89a6106211a8174db650dd9f503f9c0d526b1202d5554a00b9095
  languageName: node
  linkType: hard

"fs.realpath@npm:^1.0.0":
  version: 1.0.0
  resolution: "fs.realpath@npm:1.0.0"
  checksum: 10/e703107c28e362d8d7b910bbcbfd371e640a3bb45ae157a362b5952c0030c0b6d4981140ec319b347bce7adc025dd7813da1ff908a945ac214d64f5402a51b96
  languageName: node
  linkType: hard

"function-bind@npm:^1.1.1":
  version: 1.1.1
  resolution: "function-bind@npm:1.1.1"
  checksum: 10/d83f2968030678f0b8c3f2183d63dcd969344eb8b55b4eb826a94ccac6de8b87c95bebffda37a6386c74f152284eb02956ff2c496897f35d32bdc2628ac68ac5
  languageName: node
  linkType: hard

"glob-parent@npm:^5.1.2":
  version: 5.1.2
  resolution: "glob-parent@npm:5.1.2"
  dependencies:
    is-glob: "npm:^4.0.1"
  checksum: 10/32cd106ce8c0d83731966d31517adb766d02c3812de49c30cfe0675c7c0ae6630c11214c54a5ae67aca882cf738d27fd7768f21aa19118b9245950554be07247
  languageName: node
  linkType: hard

"glob@npm:^7.1.3":
  version: 7.2.3
  resolution: "glob@npm:7.2.3"
  dependencies:
    fs.realpath: "npm:^1.0.0"
    inflight: "npm:^1.0.4"
    inherits: "npm:2"
    minimatch: "npm:^3.1.1"
    once: "npm:^1.3.0"
    path-is-absolute: "npm:^1.0.0"
  checksum: 10/59452a9202c81d4508a43b8af7082ca5c76452b9fcc4a9ab17655822e6ce9b21d4f8fbadabe4fe3faef448294cec249af305e2cd824b7e9aaf689240e5e96a7b
  languageName: node
  linkType: hard

"globby@npm:^13.1.2":
  version: 13.2.2
  resolution: "globby@npm:13.2.2"
  dependencies:
    dir-glob: "npm:^3.0.1"
    fast-glob: "npm:^3.3.0"
    ignore: "npm:^5.2.4"
    merge2: "npm:^1.4.1"
    slash: "npm:^4.0.0"
  checksum: 10/4494a9d2162a7e4d327988b26be66d8eab87d7f59a83219e74b065e2c3ced23698f68fb10482bf9337133819281803fb886d6ae06afbb2affa743623eb0b1949
  languageName: node
  linkType: hard

"graceful-fs@npm:^4.2.10":
  version: 4.2.11
  resolution: "graceful-fs@npm:4.2.11"
  checksum: 10/bf152d0ed1dc159239db1ba1f74fdbc40cb02f626770dcd5815c427ce0688c2635a06ed69af364396da4636d0408fcf7d4afdf7881724c3307e46aff30ca49e2
  languageName: node
  linkType: hard

"hard-rejection@npm:^2.1.0":
  version: 2.1.0
  resolution: "hard-rejection@npm:2.1.0"
  checksum: 10/7baaf80a0c7fff4ca79687b4060113f1529589852152fa935e6787a2bc96211e784ad4588fb3048136ff8ffc9dfcf3ae385314a5b24db32de20bea0d1597f9dc
  languageName: node
  linkType: hard

"has-flag@npm:^3.0.0":
  version: 3.0.0
  resolution: "has-flag@npm:3.0.0"
  checksum: 10/4a15638b454bf086c8148979aae044dd6e39d63904cd452d970374fa6a87623423da485dfb814e7be882e05c096a7ccf1ebd48e7e7501d0208d8384ff4dea73b
  languageName: node
  linkType: hard

"has@npm:^1.0.3":
  version: 1.0.3
  resolution: "has@npm:1.0.3"
  dependencies:
    function-bind: "npm:^1.1.1"
  checksum: 10/a449f3185b1d165026e8d25f6a8c3390bd25c201ff4b8c1aaf948fc6a5fcfd6507310b8c00c13a3325795ea9791fcc3d79d61eafa313b5750438fc19183df57b
  languageName: node
  linkType: hard

"hosted-git-info@npm:^4.0.1":
  version: 4.1.0
  resolution: "hosted-git-info@npm:4.1.0"
  dependencies:
    lru-cache: "npm:^6.0.0"
  checksum: 10/4dc67022b7ecb12829966bd731fb9a5f14d351547aafc6520ef3c8e7211f4f0e69452d24e29eae3d9b17df924d660052e53d8ca321cf3008418fb7e6c7c47d6f
  languageName: node
  linkType: hard

"ignore@npm:^5.2.4":
  version: 5.2.4
  resolution: "ignore@npm:5.2.4"
  checksum: 10/4f7caf5d2005da21a382d4bd1d2aa741a3bed51de185c8562dd7f899a81a620ac4fd0619b06f7029a38ae79e4e4c134399db3bd0192c703c3ef54bb82df3086c
  languageName: node
  linkType: hard

"indent-string@npm:^5.0.0":
  version: 5.0.0
  resolution: "indent-string@npm:5.0.0"
  checksum: 10/e466c27b6373440e6d84fbc19e750219ce25865cb82d578e41a6053d727e5520dc5725217d6eb1cc76005a1bb1696a0f106d84ce7ebda3033b963a38583fb3b3
  languageName: node
  linkType: hard

"inflight@npm:^1.0.4":
  version: 1.0.6
  resolution: "inflight@npm:1.0.6"
  dependencies:
    once: "npm:^1.3.0"
    wrappy: "npm:1"
  checksum: 10/d2ebd65441a38c8336c223d1b80b921b9fa737e37ea466fd7e253cb000c64ae1f17fa59e68130ef5bda92cfd8d36b83d37dab0eb0a4558bcfec8e8cdfd2dcb67
  languageName: node
  linkType: hard

"inherits@npm:2":
  version: 2.0.4
  resolution: "inherits@npm:2.0.4"
  checksum: 10/cd45e923bee15186c07fa4c89db0aace24824c482fb887b528304694b2aa6ff8a898da8657046a5dcf3e46cd6db6c61629551f9215f208d7c3f157cf9b290521
  languageName: node
  linkType: hard

"is-arrayish@npm:^0.2.1":
  version: 0.2.1
  resolution: "is-arrayish@npm:0.2.1"
  checksum: 10/73ced84fa35e59e2c57da2d01e12cd01479f381d7f122ce41dcbb713f09dbfc651315832cd2bf8accba7681a69e4d6f1e03941d94dd10040d415086360e7005e
  languageName: node
  linkType: hard

"is-core-module@npm:^2.5.0":
  version: 2.13.0
  resolution: "is-core-module@npm:2.13.0"
  dependencies:
    has: "npm:^1.0.3"
  checksum: 10/55ccb5ccd208a1e088027065ee6438a99367e4c31c366b52fbaeac8fa23111cd17852111836d904da604801b3286d38d3d1ffa6cd7400231af8587f021099dc6
  languageName: node
  linkType: hard

"is-extglob@npm:^2.1.1":
  version: 2.1.1
  resolution: "is-extglob@npm:2.1.1"
  checksum: 10/df033653d06d0eb567461e58a7a8c9f940bd8c22274b94bf7671ab36df5719791aae15eef6d83bbb5e23283967f2f984b8914559d4449efda578c775c4be6f85
  languageName: node
  linkType: hard

"is-glob@npm:^4.0.1, is-glob@npm:^4.0.3":
  version: 4.0.3
  resolution: "is-glob@npm:4.0.3"
  dependencies:
    is-extglob: "npm:^2.1.1"
  checksum: 10/3ed74f2b0cdf4f401f38edb0442ddfde3092d79d7d35c9919c86641efdbcbb32e45aa3c0f70ce5eecc946896cd5a0f26e4188b9f2b881876f7cb6c505b82da11
  languageName: node
  linkType: hard

"is-number@npm:^7.0.0":
  version: 7.0.0
  resolution: "is-number@npm:7.0.0"
  checksum: 10/6a6c3383f68afa1e05b286af866017c78f1226d43ac8cb064e115ff9ed85eb33f5c4f7216c96a71e4dfea289ef52c5da3aef5bbfade8ffe47a0465d70c0c8e86
  languageName: node
  linkType: hard

"is-path-cwd@npm:^3.0.0":
  version: 3.0.0
  resolution: "is-path-cwd@npm:3.0.0"
  checksum: 10/bc34d13b6a03dfca4a3ab6a8a5ba78ae4b24f4f1db4b2b031d2760c60d0913bd16a4b980dcb4e590adfc906649d5f5132684079a3972bd219da49deebb9adea8
  languageName: node
  linkType: hard

"is-path-inside@npm:^4.0.0":
  version: 4.0.0
  resolution: "is-path-inside@npm:4.0.0"
  checksum: 10/8810fa11c58e6360b82c3e0d6cd7d9c7d0392d3ac9eb10f980b81f9839f40ac6d1d6d6f05d069db0d227759801228f0b072e1b6c343e4469b065ab5fe0b68fe5
  languageName: node
  linkType: hard

"is-plain-obj@npm:^1.1.0":
  version: 1.1.0
  resolution: "is-plain-obj@npm:1.1.0"
  checksum: 10/0ee04807797aad50859652a7467481816cbb57e5cc97d813a7dcd8915da8195dc68c436010bf39d195226cde6a2d352f4b815f16f26b7bf486a5754290629931
  languageName: node
  linkType: hard

"js-tokens@npm:^4.0.0":
  version: 4.0.0
  resolution: "js-tokens@npm:4.0.0"
  checksum: 10/af37d0d913fb56aec6dc0074c163cc71cd23c0b8aad5c2350747b6721d37ba118af35abdd8b33c47ec2800de07dedb16a527ca9c530ee004093e04958bd0cbf2
  languageName: node
  linkType: hard

"json-parse-even-better-errors@npm:^2.3.0":
  version: 2.3.1
  resolution: "json-parse-even-better-errors@npm:2.3.1"
  checksum: 10/5f3a99009ed5f2a5a67d06e2f298cc97bc86d462034173308156f15b43a6e850be8511dc204b9b94566305da2947f7d90289657237d210351a39059ff9d666cf
  languageName: node
  linkType: hard

"json5@npm:^2.2.3":
  version: 2.2.3
  resolution: "json5@npm:2.2.3"
  bin:
    json5: lib/cli.js
  checksum: 10/1db67b853ff0de3534085d630691d3247de53a2ed1390ba0ddff681ea43e9b3e30ecbdb65c5e9aab49435e44059c23dbd6fee8ee619419ba37465bb0dd7135da
  languageName: node
  linkType: hard

"kind-of@npm:^6.0.3":
  version: 6.0.3
  resolution: "kind-of@npm:6.0.3"
  checksum: 10/5873d303fb36aad875b7538798867da2ae5c9e328d67194b0162a3659a627d22f742fc9c4ae95cd1704132a24b00cae5041fc00c0f6ef937dc17080dc4dbb962
  languageName: node
  linkType: hard

"lines-and-columns@npm:^1.1.6":
  version: 1.2.4
  resolution: "lines-and-columns@npm:1.2.4"
  checksum: 10/0c37f9f7fa212b38912b7145e1cd16a5f3cd34d782441c3e6ca653485d326f58b3caccda66efce1c5812bde4961bbde3374fae4b0d11bf1226152337f3894aa5
  languageName: node
  linkType: hard

"locate-path@npm:^6.0.0":
  version: 6.0.0
  resolution: "locate-path@npm:6.0.0"
  dependencies:
    p-locate: "npm:^5.0.0"
  checksum: 10/72eb661788a0368c099a184c59d2fee760b3831c9c1c33955e8a19ae4a21b4116e53fa736dc086cdeb9fce9f7cc508f2f92d2d3aae516f133e16a2bb59a39f5a
  languageName: node
  linkType: hard

"lru-cache@npm:^6.0.0":
  version: 6.0.0
  resolution: "lru-cache@npm:6.0.0"
  dependencies:
    yallist: "npm:^4.0.0"
  checksum: 10/fc1fe2ee205f7c8855fa0f34c1ab0bcf14b6229e35579ec1fd1079f31d6fc8ef8eb6fd17f2f4d99788d7e339f50e047555551ebd5e434dda503696e7c6591825
  languageName: node
  linkType: hard

"map-obj@npm:^1.0.0":
  version: 1.0.1
  resolution: "map-obj@npm:1.0.1"
  checksum: 10/f8e6fc7f6137329c376c4524f6d25b3c243c17019bc8f621d15a2dcb855919e482a9298a78ae58b00dbd0e76b640bf6533aa343a9e993cfc16e0346a2507e7f8
  languageName: node
  linkType: hard

"map-obj@npm:^4.1.0":
  version: 4.3.0
  resolution: "map-obj@npm:4.3.0"
  checksum: 10/fbc554934d1a27a1910e842bc87b177b1a556609dd803747c85ece420692380827c6ae94a95cce4407c054fa0964be3bf8226f7f2cb2e9eeee432c7c1985684e
  languageName: node
  linkType: hard

"meow@npm:^10.1.3":
  version: 10.1.5
  resolution: "meow@npm:10.1.5"
  dependencies:
    "@types/minimist": "npm:^1.2.2"
    camelcase-keys: "npm:^7.0.0"
    decamelize: "npm:^5.0.0"
    decamelize-keys: "npm:^1.1.0"
    hard-rejection: "npm:^2.1.0"
    minimist-options: "npm:4.1.0"
    normalize-package-data: "npm:^3.0.2"
    read-pkg-up: "npm:^8.0.0"
    redent: "npm:^4.0.0"
    trim-newlines: "npm:^4.0.2"
    type-fest: "npm:^1.2.2"
    yargs-parser: "npm:^20.2.9"
  checksum: 10/4d6d4c233b9405bace4fd6c60db0b5806d7186a047852ddce0748e56a57c75d4fef3ab2603a480bd74595e4e8e3a47b932d737397a62e043da1d3187f1240ff4
  languageName: node
  linkType: hard

"merge2@npm:^1.3.0, merge2@npm:^1.4.1":
  version: 1.4.1
  resolution: "merge2@npm:1.4.1"
  checksum: 10/7268db63ed5169466540b6fb947aec313200bcf6d40c5ab722c22e242f651994619bcd85601602972d3c85bd2cc45a358a4c61937e9f11a061919a1da569b0c2
  languageName: node
  linkType: hard

"micromatch@npm:^4.0.4":
  version: 4.0.8
  resolution: "micromatch@npm:4.0.8"
  dependencies:
    braces: "npm:^3.0.3"
    picomatch: "npm:^2.3.1"
  checksum: 10/6bf2a01672e7965eb9941d1f02044fad2bd12486b5553dc1116ff24c09a8723157601dc992e74c911d896175918448762df3b3fd0a6b61037dd1a9766ddfbf58
  languageName: node
  linkType: hard

"min-indent@npm:^1.0.1":
  version: 1.0.1
  resolution: "min-indent@npm:1.0.1"
  checksum: 10/bfc6dd03c5eaf623a4963ebd94d087f6f4bbbfd8c41329a7f09706b0cb66969c4ddd336abeb587bc44bc6f08e13bf90f0b374f9d71f9f01e04adc2cd6f083ef1
  languageName: node
  linkType: hard

"minimatch@npm:^3.1.1":
  version: 3.1.2
  resolution: "minimatch@npm:3.1.2"
  dependencies:
    brace-expansion: "npm:^1.1.7"
  checksum: 10/e0b25b04cd4ec6732830344e5739b13f8690f8a012d73445a4a19fbc623f5dd481ef7a5827fde25954cd6026fede7574cc54dc4643c99d6c6b653d6203f94634
  languageName: node
  linkType: hard

"minimist-options@npm:4.1.0":
  version: 4.1.0
  resolution: "minimist-options@npm:4.1.0"
  dependencies:
    arrify: "npm:^1.0.1"
    is-plain-obj: "npm:^1.1.0"
    kind-of: "npm:^6.0.3"
  checksum: 10/8c040b3068811e79de1140ca2b708d3e203c8003eb9a414c1ab3cd467fc5f17c9ca02a5aef23bedc51a7f8bfbe77f87e9a7e31ec81fba304cda675b019496f4e
  languageName: node
  linkType: hard

"normalize-package-data@npm:^3.0.2":
  version: 3.0.3
  resolution: "normalize-package-data@npm:3.0.3"
  dependencies:
    hosted-git-info: "npm:^4.0.1"
    is-core-module: "npm:^2.5.0"
    semver: "npm:^7.3.4"
    validate-npm-package-license: "npm:^3.0.1"
  checksum: 10/3cd3b438c9c7b15d72ed2d1bbf0f8cc2d07bfe27702fc9e95d039f0af4e069dc75c0646e75068f9f9255a8aae64b59aa4fe2177e65787145fb996c3d38d48acb
  languageName: node
  linkType: hard

"once@npm:^1.3.0":
  version: 1.4.0
  resolution: "once@npm:1.4.0"
  dependencies:
    wrappy: "npm:1"
  checksum: 10/cd0a88501333edd640d95f0d2700fbde6bff20b3d4d9bdc521bdd31af0656b5706570d6c6afe532045a20bb8dc0849f8332d6f2a416e0ba6d3d3b98806c7db68
  languageName: node
  linkType: hard

"p-limit@npm:^3.0.2":
  version: 3.1.0
  resolution: "p-limit@npm:3.1.0"
  dependencies:
    yocto-queue: "npm:^0.1.0"
  checksum: 10/7c3690c4dbf62ef625671e20b7bdf1cbc9534e83352a2780f165b0d3ceba21907e77ad63401708145ca4e25bfc51636588d89a8c0aeb715e6c37d1c066430360
  languageName: node
  linkType: hard

"p-locate@npm:^5.0.0":
  version: 5.0.0
  resolution: "p-locate@npm:5.0.0"
  dependencies:
    p-limit: "npm:^3.0.2"
  checksum: 10/1623088f36cf1cbca58e9b61c4e62bf0c60a07af5ae1ca99a720837356b5b6c5ba3eb1b2127e47a06865fee59dd0453cad7cc844cda9d5a62ac1a5a51b7c86d3
  languageName: node
  linkType: hard

"p-map@npm:^5.5.0":
  version: 5.5.0
  resolution: "p-map@npm:5.5.0"
  dependencies:
    aggregate-error: "npm:^4.0.0"
  checksum: 10/089a709d2525208a965b7907cc8e58af950542629b538198fc142c40e7f36b3b492dd6a46a1279515ccab58bb6f047e04593c0ab5ef4539d312adf7f761edf55
  languageName: node
  linkType: hard

"parse-json@npm:^5.2.0":
  version: 5.2.0
  resolution: "parse-json@npm:5.2.0"
  dependencies:
    "@babel/code-frame": "npm:^7.0.0"
    error-ex: "npm:^1.3.1"
    json-parse-even-better-errors: "npm:^2.3.0"
    lines-and-columns: "npm:^1.1.6"
  checksum: 10/62085b17d64da57f40f6afc2ac1f4d95def18c4323577e1eced571db75d9ab59b297d1d10582920f84b15985cbfc6b6d450ccbf317644cfa176f3ed982ad87e2
  languageName: node
  linkType: hard

"path-exists@npm:^4.0.0":
  version: 4.0.0
  resolution: "path-exists@npm:4.0.0"
  checksum: 10/505807199dfb7c50737b057dd8d351b82c033029ab94cb10a657609e00c1bc53b951cfdbccab8de04c5584d5eff31128ce6afd3db79281874a5ef2adbba55ed1
  languageName: node
  linkType: hard

"path-is-absolute@npm:^1.0.0":
  version: 1.0.1
  resolution: "path-is-absolute@npm:1.0.1"
  checksum: 10/060840f92cf8effa293bcc1bea81281bd7d363731d214cbe5c227df207c34cd727430f70c6037b5159c8a870b9157cba65e775446b0ab06fd5ecc7e54615a3b8
  languageName: node
  linkType: hard

"path-type@npm:^4.0.0":
  version: 4.0.0
  resolution: "path-type@npm:4.0.0"
  checksum: 10/5b1e2daa247062061325b8fdbfd1fb56dde0a448fb1455453276ea18c60685bdad23a445dc148cf87bc216be1573357509b7d4060494a6fd768c7efad833ee45
  languageName: node
  linkType: hard

"picomatch@npm:^2.3.1":
  version: 2.3.1
  resolution: "picomatch@npm:2.3.1"
  checksum: 10/60c2595003b05e4535394d1da94850f5372c9427ca4413b71210f437f7b2ca091dbd611c45e8b37d10036fa8eade25c1b8951654f9d3973bfa66a2ff4d3b08bc
  languageName: node
  linkType: hard

"queue-microtask@npm:^1.2.2":
  version: 1.2.3
  resolution: "queue-microtask@npm:1.2.3"
  checksum: 10/72900df0616e473e824202113c3df6abae59150dfb73ed13273503127235320e9c8ca4aaaaccfd58cf417c6ca92a6e68ee9a5c3182886ae949a768639b388a7b
  languageName: node
  linkType: hard

"quick-lru@npm:^5.1.1":
  version: 5.1.1
  resolution: "quick-lru@npm:5.1.1"
  checksum: 10/a516faa25574be7947969883e6068dbe4aa19e8ef8e8e0fd96cddd6d36485e9106d85c0041a27153286b0770b381328f4072aa40d3b18a19f5f7d2b78b94b5ed
  languageName: node
  linkType: hard

"read-pkg-up@npm:^8.0.0":
  version: 8.0.0
  resolution: "read-pkg-up@npm:8.0.0"
  dependencies:
    find-up: "npm:^5.0.0"
    read-pkg: "npm:^6.0.0"
    type-fest: "npm:^1.0.1"
  checksum: 10/fe4c80401656b40b408884457fffb5a8015c03b1018cfd8e48f8d82a5e9023e24963603aeb2755608d964593e046c15b34d29b07d35af9c7aa478be81805209c
  languageName: node
  linkType: hard

"read-pkg@npm:^6.0.0":
  version: 6.0.0
  resolution: "read-pkg@npm:6.0.0"
  dependencies:
    "@types/normalize-package-data": "npm:^2.4.0"
    normalize-package-data: "npm:^3.0.2"
    parse-json: "npm:^5.2.0"
    type-fest: "npm:^1.0.1"
  checksum: 10/0cebdff381128e923815c643074a87011070e5fc352bee575d327d6485da3317fab6d802a7b03deeb0be7be8d3ad1640397b3d5d2f044452caf4e8d1736bf94f
  languageName: node
  linkType: hard

"redent@npm:^4.0.0":
  version: 4.0.0
  resolution: "redent@npm:4.0.0"
  dependencies:
    indent-string: "npm:^5.0.0"
    strip-indent: "npm:^4.0.0"
  checksum: 10/6944e7b1d8f3fd28c2515f5c605b9f7f0ea0f4edddf41890bbbdd4d9ee35abb7540c3b278f03ff827bd278bb6ff4a5bd8692ca406b748c5c1c3ce7355e9fbf8f
  languageName: node
  linkType: hard

"reusify@npm:^1.0.4":
  version: 1.0.4
  resolution: "reusify@npm:1.0.4"
  checksum: 10/14222c9e1d3f9ae01480c50d96057228a8524706db79cdeb5a2ce5bb7070dd9f409a6f84a02cbef8cdc80d39aef86f2dd03d155188a1300c599b05437dcd2ffb
  languageName: node
  linkType: hard

"rimraf@npm:^3.0.2":
  version: 3.0.2
  resolution: "rimraf@npm:3.0.2"
  dependencies:
    glob: "npm:^7.1.3"
  bin:
    rimraf: bin.js
  checksum: 10/063ffaccaaaca2cfd0ef3beafb12d6a03dd7ff1260d752d62a6077b5dfff6ae81bea571f655bb6b589d366930ec1bdd285d40d560c0dae9b12f125e54eb743d5
  languageName: node
  linkType: hard

"run-parallel@npm:^1.1.9":
  version: 1.2.0
  resolution: "run-parallel@npm:1.2.0"
  dependencies:
    queue-microtask: "npm:^1.2.2"
  checksum: 10/cb4f97ad25a75ebc11a8ef4e33bb962f8af8516bb2001082ceabd8902e15b98f4b84b4f8a9b222e5d57fc3bd1379c483886ed4619367a7680dad65316993021d
  languageName: node
  linkType: hard

"semver@npm:^7.3.4":
  version: 7.5.4
  resolution: "semver@npm:7.5.4"
  dependencies:
    lru-cache: "npm:^6.0.0"
  bin:
    semver: bin/semver.js
  checksum: 10/985dec0d372370229a262c737063860fabd4a1c730662c1ea3200a2f649117761a42184c96df62a0e885e76fbd5dace41087d6c1ac0351b13c0df5d6bcb1b5ac
  languageName: node
  linkType: hard

"slash@npm:^4.0.0":
  version: 4.0.0
  resolution: "slash@npm:4.0.0"
  checksum: 10/da8e4af73712253acd21b7853b7e0dbba776b786e82b010a5bfc8b5051a1db38ed8aba8e1e8f400dd2c9f373be91eb1c42b66e91abb407ff42b10feece5e1d2d
  languageName: node
  linkType: hard

"spdx-correct@npm:^3.0.0":
  version: 3.2.0
  resolution: "spdx-correct@npm:3.2.0"
  dependencies:
    spdx-expression-parse: "npm:^3.0.0"
    spdx-license-ids: "npm:^3.0.0"
  checksum: 10/cc2e4dbef822f6d12142116557d63f5facf3300e92a6bd24e907e4865e17b7e1abd0ee6b67f305cae6790fc2194175a24dc394bfcc01eea84e2bdad728e9ae9a
  languageName: node
  linkType: hard

"spdx-exceptions@npm:^2.1.0":
  version: 2.3.0
  resolution: "spdx-exceptions@npm:2.3.0"
  checksum: 10/cb69a26fa3b46305637123cd37c85f75610e8c477b6476fa7354eb67c08128d159f1d36715f19be6f9daf4b680337deb8c65acdcae7f2608ba51931540687ac0
  languageName: node
  linkType: hard

"spdx-expression-parse@npm:^3.0.0":
  version: 3.0.1
  resolution: "spdx-expression-parse@npm:3.0.1"
  dependencies:
    spdx-exceptions: "npm:^2.1.0"
    spdx-license-ids: "npm:^3.0.0"
  checksum: 10/a1c6e104a2cbada7a593eaa9f430bd5e148ef5290d4c0409899855ce8b1c39652bcc88a725259491a82601159d6dc790bedefc9016c7472f7de8de7361f8ccde
  languageName: node
  linkType: hard

"spdx-license-ids@npm:^3.0.0":
  version: 3.0.13
  resolution: "spdx-license-ids@npm:3.0.13"
  checksum: 10/6328c516e958ceee80362dc657a58cab01c7fdb4667a1a4c1a3e91d069983977f87971340ee857eb66f65079b5d8561e56dc91510802cd7bebaae7632a6aa7fa
  languageName: node
  linkType: hard

"strip-indent@npm:^4.0.0":
  version: 4.0.0
  resolution: "strip-indent@npm:4.0.0"
  dependencies:
    min-indent: "npm:^1.0.1"
  checksum: 10/06cbcd93da721c46bc13caeb1c00af93a9b18146a1c95927672d2decab6a25ad83662772417cea9317a2507fb143253ecc23c4415b64f5828cef9b638a744598
  languageName: node
  linkType: hard

"supports-color@npm:^5.3.0":
  version: 5.5.0
  resolution: "supports-color@npm:5.5.0"
  dependencies:
    has-flag: "npm:^3.0.0"
  checksum: 10/5f505c6fa3c6e05873b43af096ddeb22159831597649881aeb8572d6fe3b81e798cc10840d0c9735e0026b250368851b7f77b65e84f4e4daa820a4f69947f55b
  languageName: node
  linkType: hard

"to-regex-range@npm:^5.0.1":
  version: 5.0.1
  resolution: "to-regex-range@npm:5.0.1"
  dependencies:
    is-number: "npm:^7.0.0"
  checksum: 10/10dda13571e1f5ad37546827e9b6d4252d2e0bc176c24a101252153ef435d83696e2557fe128c4678e4e78f5f01e83711c703eef9814eb12dab028580d45980a
  languageName: node
  linkType: hard

"trim-newlines@npm:^4.0.2":
  version: 4.1.1
  resolution: "trim-newlines@npm:4.1.1"
  checksum: 10/5b09f8e329e8f33c1111ef26906332ba7ba7248cde3e26fc054bb3d69f2858bf5feedca9559c572ff91f33e52977c28e0d41c387df6a02a633cbb8c2d8238627
  languageName: node
  linkType: hard

"type-fest@npm:^1.0.1, type-fest@npm:^1.2.1, type-fest@npm:^1.2.2":
  version: 1.4.0
  resolution: "type-fest@npm:1.4.0"
  checksum: 10/89875c247564601c2650bacad5ff80b859007fbdb6c9e43713ae3ffa3f584552eea60f33711dd762e16496a1ab4debd409822627be14097d9a17e39c49db591a
  languageName: node
  linkType: hard

"typescript@npm:^5.7.3":
  version: 5.7.3
  resolution: "typescript@npm:5.7.3"
  bin:
    tsc: bin/tsc
    tsserver: bin/tsserver
  checksum: 10/6a7e556de91db3d34dc51cd2600e8e91f4c312acd8e52792f243c7818dfadb27bae677175fad6947f9c81efb6c57eb6b2d0c736f196a6ee2f1f7d57b74fc92fa
  languageName: node
  linkType: hard

"typescript@patch:typescript@npm%3A^5.7.3#optional!builtin<compat/typescript>":
  version: 5.7.3
  resolution: "typescript@patch:typescript@npm%3A5.7.3#optional!builtin<compat/typescript>::version=5.7.3&hash=379a07"
  bin:
    tsc: bin/tsc
    tsserver: bin/tsserver
  checksum: 10/3ac7b7e3e899273d2fbdce6e24b93d4d53a705ad7a7e4cc83b4c57bcb6d25948abcd2a21994f6b9c73ab03960f395aae95f0458de292a66ce0134233261714c3
  languageName: node
  linkType: hard

"validate-npm-package-license@npm:^3.0.1":
  version: 3.0.4
  resolution: "validate-npm-package-license@npm:3.0.4"
  dependencies:
    spdx-correct: "npm:^3.0.0"
    spdx-expression-parse: "npm:^3.0.0"
  checksum: 10/86242519b2538bb8aeb12330edebb61b4eb37fd35ef65220ab0b03a26c0592c1c8a7300d32da3cde5abd08d18d95e8dabfad684b5116336f6de9e6f207eec224
  languageName: node
  linkType: hard

"wrappy@npm:1":
  version: 1.0.2
  resolution: "wrappy@npm:1.0.2"
  checksum: 10/159da4805f7e84a3d003d8841557196034155008f817172d4e986bd591f74aa82aa7db55929a54222309e01079a65a92a9e6414da5a6aa4b01ee44a511ac3ee5
  languageName: node
  linkType: hard

"yallist@npm:^4.0.0":
  version: 4.0.0
  resolution: "yallist@npm:4.0.0"
  checksum: 10/4cb02b42b8a93b5cf50caf5d8e9beb409400a8a4d85e83bb0685c1457e9ac0b7a00819e9f5991ac25ffabb56a78e2f017c1acc010b3a1babfe6de690ba531abd
  languageName: node
  linkType: hard

"yargs-parser@npm:^20.2.9":
  version: 20.2.9
  resolution: "yargs-parser@npm:20.2.9"
  checksum: 10/0188f430a0f496551d09df6719a9132a3469e47fe2747208b1dd0ab2bb0c512a95d0b081628bbca5400fb20dbf2fabe63d22badb346cecadffdd948b049f3fcc
  languageName: node
  linkType: hard

"yocto-queue@npm:^0.1.0":
  version: 0.1.0
  resolution: "yocto-queue@npm:0.1.0"
  checksum: 10/f77b3d8d00310def622123df93d4ee654fc6a0096182af8bd60679ddcdfb3474c56c6c7190817c84a2785648cdee9d721c0154eb45698c62176c322fb46fc700
  languageName: node
  linkType: hard
